
Microsoft Visual Studio Solution File, Format Version 12.00
# Visual Studio Version 17
VisualStudioVersion = 17.5.33530.505
MinimumVisualStudioVersion = 10.0.40219.1
Project("{FAE04EC0-301F-11D3-BF4B-00C04F79EFBC}") = "Try and Catch", "Try and Catch\Try and Catch.csproj", "{C68D176C-7F83-414C-84FF-9CD18A758F21}"
EndProject
Global
	GlobalSection(SolutionConfigurationPlatforms) = preSolution
		Debug|Any CPU = Debug|Any CPU
		Release|Any CPU = Release|Any CPU
	EndGlobalSection
	GlobalSection(ProjectConfigurationPlatforms) = postSolution
		{C68D176C-7F83-414C-84FF-9CD18A758F21}.Debug|Any CPU.ActiveCfg = Debug|Any CPU
		{C68D176C-7F83-414C-84FF-9CD18A758F21}.Debug|Any CPU.Build.0 = Debug|Any CPU
		{C68D176C-7F83-414C-84FF-9CD18A758F21}.Release|Any CPU.ActiveCfg = Release|Any CPU
		{C68D176C-7F83-414C-84FF-9CD18A758F21}.Release|Any CPU.Build.0 = Release|Any CPU
	EndGlobalSection
	GlobalSection(SolutionProperties) = preSolution
		HideSolutionNode = FALSE
	EndGlobalSection
	GlobalSection(ExtensibilityGlobals) = postSolution
		SolutionGuid = {73045F85-CFA7-4955-B2AA-F3C3ED756479}
	EndGlobalSection
EndGlobal
